
Microsoft Visual Studio Solution File, Format Version 12.00
# Visual Studio Version 17
VisualStudioVersion = 17.14.36221.1
MinimumVisualStudioVersion = 10.0.40219.1
Project("{FAE04EC0-301F-11D3-BF4B-00C04F79EFBC}") = "TurkcellBank.Application", "TurkcellBank.Application\TurkcellBank.Application.csproj", "{D0A29362-D75A-4BCB-B6BC-3522A704D093}"
EndProject
Project("{FAE04EC0-301F-11D3-BF4B-00C04F79EFBC}") = "TurkcellBank.Infrastructure", "TurkcellBank.Infrastructure\TurkcellBank.Infrastructure.csproj", "{6029FD3E-C3EB-4DE9-9C93-5CBAEA2D63F9}"
EndProject
Project("{FAE04EC0-301F-11D3-BF4B-00C04F79EFBC}") = "TurkcellBank.Domain", "TurkcellBank.Domain\TurkcellBank.Domain.csproj", "{30DF2BC6-A837-4883-8D0F-2D885BE3674D}"
EndProject
Project("{FAE04EC0-301F-11D3-BF4B-00C04F79EFBC}") = "TurkcellBank.Web_API", "TurkcellBank.Web_API\TurkcellBank.Web_API.csproj", "{AC085761-2292-44E4-94E6-1FC38DBC7FE5}"
EndProject
Project("{2150E333-8FDC-42A3-9474-1A3956D46DE8}") = "Solution Items", "Solution Items", "{8EC462FD-D22E-90A8-E5CE-7E832BA40C5D}"
	ProjectSection(SolutionItems) = preProject
		.gitignore = .gitignore
	EndProjectSection
EndProject
Project("{FAE04EC0-301F-11D3-BF4B-00C04F79EFBC}") = "TurkcellBank.Client", "TurkcellBank.Client\TurkcellBank.Client.csproj", "{A1FE869E-4D67-5ED9-29C9-BAE8EE3273F5}"
EndProject
Project("{2150E333-8FDC-42A3-9474-1A3956D46DE8}") = "Tools", "Tools", "{02EA681E-C7D8-13C7-8484-4AC65E1B71E8}"
EndProject
Project("{FAE04EC0-301F-11D3-BF4B-00C04F79EFBC}") = "PasswordRehasherTool", "PasswordRehasherTool\PasswordRehasherTool.csproj", "{EC4C9743-16F4-4510-BC4C-CF84F8E564A2}"
EndProject
Global
	GlobalSection(SolutionConfigurationPlatforms) = preSolution
		Debug|Any CPU = Debug|Any CPU
		Release|Any CPU = Release|Any CPU
	EndGlobalSection
	GlobalSection(ProjectConfigurationPlatforms) = postSolution
		{D0A29362-D75A-4BCB-B6BC-3522A704D093}.Debug|Any CPU.ActiveCfg = Debug|Any CPU
		{D0A29362-D75A-4BCB-B6BC-3522A704D093}.Debug|Any CPU.Build.0 = Debug|Any CPU
		{D0A29362-D75A-4BCB-B6BC-3522A704D093}.Release|Any CPU.ActiveCfg = Release|Any CPU
		{D0A29362-D75A-4BCB-B6BC-3522A704D093}.Release|Any CPU.Build.0 = Release|Any CPU
		{6029FD3E-C3EB-4DE9-9C93-5CBAEA2D63F9}.Debug|Any CPU.ActiveCfg = Debug|Any CPU
		{6029FD3E-C3EB-4DE9-9C93-5CBAEA2D63F9}.Debug|Any CPU.Build.0 = Debug|Any CPU
		{6029FD3E-C3EB-4DE9-9C93-5CBAEA2D63F9}.Release|Any CPU.ActiveCfg = Release|Any CPU
		{6029FD3E-C3EB-4DE9-9C93-5CBAEA2D63F9}.Release|Any CPU.Build.0 = Release|Any CPU
		{30DF2BC6-A837-4883-8D0F-2D885BE3674D}.Debug|Any CPU.ActiveCfg = Debug|Any CPU
		{30DF2BC6-A837-4883-8D0F-2D885BE3674D}.Debug|Any CPU.Build.0 = Debug|Any CPU
		{30DF2BC6-A837-4883-8D0F-2D885BE3674D}.Release|Any CPU.ActiveCfg = Release|Any CPU
		{30DF2BC6-A837-4883-8D0F-2D885BE3674D}.Release|Any CPU.Build.0 = Release|Any CPU
		{AC085761-2292-44E4-94E6-1FC38DBC7FE5}.Debug|Any CPU.ActiveCfg = Debug|Any CPU
		{AC085761-2292-44E4-94E6-1FC38DBC7FE5}.Debug|Any CPU.Build.0 = Debug|Any CPU
		{AC085761-2292-44E4-94E6-1FC38DBC7FE5}.Release|Any CPU.ActiveCfg = Release|Any CPU
		{AC085761-2292-44E4-94E6-1FC38DBC7FE5}.Release|Any CPU.Build.0 = Release|Any CPU
		{A1FE869E-4D67-5ED9-29C9-BAE8EE3273F5}.Debug|Any CPU.ActiveCfg = Debug|Any CPU
		{A1FE869E-4D67-5ED9-29C9-BAE8EE3273F5}.Debug|Any CPU.Build.0 = Debug|Any CPU
		{A1FE869E-4D67-5ED9-29C9-BAE8EE3273F5}.Release|Any CPU.ActiveCfg = Release|Any CPU
		{A1FE869E-4D67-5ED9-29C9-BAE8EE3273F5}.Release|Any CPU.Build.0 = Release|Any CPU
		{EC4C9743-16F4-4510-BC4C-CF84F8E564A2}.Debug|Any CPU.ActiveCfg = Debug|Any CPU
		{EC4C9743-16F4-4510-BC4C-CF84F8E564A2}.Debug|Any CPU.Build.0 = Debug|Any CPU
		{EC4C9743-16F4-4510-BC4C-CF84F8E564A2}.Release|Any CPU.ActiveCfg = Release|Any CPU
		{EC4C9743-16F4-4510-BC4C-CF84F8E564A2}.Release|Any CPU.Build.0 = Release|Any CPU
	EndGlobalSection
	GlobalSection(SolutionProperties) = preSolution
		HideSolutionNode = FALSE
	EndGlobalSection
	GlobalSection(NestedProjects) = preSolution
		{EC4C9743-16F4-4510-BC4C-CF84F8E564A2} = {02EA681E-C7D8-13C7-8484-4AC65E1B71E8}
	EndGlobalSection
	GlobalSection(ExtensibilityGlobals) = postSolution
		SolutionGuid = {4C4070A3-BCEC-440F-9740-B38C0A2BEEB0}
	EndGlobalSection
EndGlobal
